// !$*UTF8*$!
{
	archiveVersion = 1;
	classes = {
	};
	objectVersion = 50;
	objects = {

/* Begin PBXBuildFile section */
		555D1589219E7F0000A6A2CD /* AppDelegate.swift in Sources */ = {isa = PBXBuildFile; fileRef = 555D1588219E7F0000A6A2CD /* AppDelegate.swift */; };
		555D158B219E7F0000A6A2CD /* ViewController.swift in Sources */ = {isa = PBXBuildFile; fileRef = 555D158A219E7F0000A6A2CD /* ViewController.swift */; };
		555D158E219E7F0000A6A2CD /* Main.storyboard in Resources */ = {isa = PBXBuildFile; fileRef = 555D158C219E7F0000A6A2CD /* Main.storyboard */; };
		555D1590219E7F0100A6A2CD /* Assets.xcassets in Resources */ = {isa = PBXBuildFile; fileRef = 555D158F219E7F0100A6A2CD /* Assets.xcassets */; };
		555D1593219E7F0100A6A2CD /* LaunchScreen.storyboard in Resources */ = {isa = PBXBuildFile; fileRef = 555D1591219E7F0100A6A2CD /* LaunchScreen.storyboard */; };
		55D3EF1D21A56F2000C22E1A /* CoreLocation.framework in Frameworks */ = {isa = PBXBuildFile; fileRef = 55D3EF1C21A56F2000C22E1A /* CoreLocation.framework */; };
/* End PBXBuildFile section */

/* Begin PBXFileReference section */
		555D1585219E7F0000A6A2CD /* Say Weather.app */ = {isa = PBXFileReference; explicitFileType = wrapper.application; includeInIndex = 0; path = "Say Weather.app"; sourceTree = BUILT_PRODUCTS_DIR; };
		555D1588219E7F0000A6A2CD /* AppDelegate.swift */ = {isa = PBXFileReference; lastKnownFileType = sourcecode.swift; path = AppDelegate.swift; sourceTree = "<group>"; };
		555D158A219E7F0000A6A2CD /* ViewController.swift */ = {isa = PBXFileReference; lastKnownFileType = sourcecode.swift; path = ViewController.swift; sourceTree = "<group>"; };
		555D158D219E7F0000A6A2CD /* Base */ = {isa = PBXFileReference; lastKnownFileType = file.storyboard; name = Base; path = Base.lproj/Main.storyboard; sourceTree = "<group>"; };
		555D158F219E7F0100A6A2CD /* Assets.xcassets */ = {isa = PBXFileReference; lastKnownFileType = folder.assetcatalog; path = Assets.xcassets; sourceTree = "<group>"; };
		555D1592219E7F0100A6A2CD /* Base */ = {isa = PBXFileReference; lastKnownFileType = file.storyboard; name = Base; path = Base.lproj/LaunchScreen.storyboard; sourceTree = "<group>"; };
		555D1594219E7F0100A6A2CD /* Info.plist */ = {isa = PBXFileReference; lastKnownFileType = text.plist.xml; path = Info.plist; sourceTree = "<group>"; };
		55D3EF1C21A56F2000C22E1A /* CoreLocation.framework */ = {isa = PBXFileReference; lastKnownFileType = wrapper.framework; name = CoreLocation.framework; path = System/Library/Frameworks/CoreLocation.framework; sourceTree = SDKROOT; };
/* End PBXFileReference section */

/* Begin PBXFrameworksBuildPhase section */
		555D1582219E7F0000A6A2CD /* Frameworks */ = {
			isa = PBXFrameworksBuildPhase;
			buildActionMask = 2147483647;
			files = (
				55D3EF1D21A56F2000C22E1A /* CoreLocation.framework in Frameworks */,
			);
			runOnlyForDeploymentPostprocessing = 0;
		};
/* End PBXFrameworksBuildPhase section */

/* Begin PBXGroup section */
		555D157C219E7F0000A6A2CD = {
			isa = PBXGroup;
			children = (
				555D1587219E7F0000A6A2CD /* Say Weather */,
				555D1586219E7F0000A6A2CD /* Products */,
				55D3EF1B21A56F2000C22E1A /* Frameworks */,
			);
			sourceTree = "<group>";
		};
		555D1586219E7F0000A6A2CD /* Products */ = {
			isa = PBXGroup;
			children = (
				555D1585219E7F0000A6A2CD /* Say Weather.app */,
			);
			name = Products;
			sourceTree = "<group>";
		};
		555D1587219E7F0000A6A2CD /* Say Weather */ = {
			isa = PBXGroup;
			children = (
				555D1588219E7F0000A6A2CD /* AppDelegate.swift */,
				555D158A219E7F0000A6A2CD /* ViewController.swift */,
				555D158C219E7F0000A6A2CD /* Main.storyboard */,
				555D158F219E7F0100A6A2CD /* Assets.xcassets */,
				555D1591219E7F0100A6A2CD /* LaunchScreen.storyboard */,
				555D1594219E7F0100A6A2CD /* Info.plist */,
			);
			path = "Say Weather";
			sourceTree = "<group>";
		};
		55D3EF1B21A56F2000C22E1A /* Frameworks */ = {
			isa = PBXGroup;
			children = (
				55D3EF1C21A56F2000C22E1A /* CoreLocation.framework */,
			);
			name = Frameworks;
			sourceTree = "<group>";
		};
/* End PBXGroup section */

/* Begin PBXNativeTarget section */
		555D1584219E7F0000A6A2CD /* Say Weather */ = {
			isa = PBXNativeTarget;
			buildConfigurationList = 555D1597219E7F0100A6A2CD /* Build configuration list for PBXNativeTarget "Say Weather" */;
			buildPhases = (
				555D1581219E7F0000A6A2CD /* Sources */,
				555D1582219E7F0000A6A2CD /* Frameworks */,
				555D1583219E7F0000A6A2CD /* Resources */,
			);
			buildRules = (
			);
			dependencies = (
			);
			name = "Say Weather";
			productName = "Say Weather";
			productReference = 555D1585219E7F0000A6A2CD /* Say Weather.app */;
			productType = "com.apple.product-type.application";
		};
/* End PBXNativeTarget section */

/* Begin PBXProject section */
		555D157D219E7F0000A6A2CD /* Project object */ = {
			isa = PBXProject;
			attributes = {
				KnownAssetTags = (
					New,
				);
				LastSwiftUpdateCheck = 0940;
				LastUpgradeCheck = 0940;
				ORGANIZATIONNAME = Kushal;
				TargetAttributes = {
					555D1584219E7F0000A6A2CD = {
						CreatedOnToolsVersion = 9.4.1;
					};
				};
			};
			buildConfigurationList = 555D1580219E7F0000A6A2CD /* Build configuration list for PBXProject "Say Weather" */;
			compatibilityVersion = "Xcode 9.3";
			developmentRegion = en;
			hasScannedForEncodings = 0;
			knownRegions = (
				en,
				Base,
			);
			mainGroup = 555D157C219E7F0000A6A2CD;
			productRefGroup = 555D1586219E7F0000A6A2CD /* Products */;
			projectDirPath = "";
			projectRoot = "";
			targets = (
				555D1584219E7F0000A6A2CD /* Say Weather */,
			);
		};
/* End PBXProject section */

/* Begin PBXResourcesBuildPhase section */
		555D1583219E7F0000A6A2CD /* Resources */ = {
			isa = PBXResourcesBuildPhase;
			buildActionMask = 2147483647;
			files = (
				555D1593219E7F0100A6A2CD /* LaunchScreen.storyboard in Resources */,
				555D1590219E7F0100A6A2CD /* Assets.xcassets in Resources */,
				555D158E219E7F0000A6A2CD /* Main.storyboard in Resources */,
			);
			runOnlyForDeploymentPostprocessing = 0;
		};
/* End PBXResourcesBuildPhase section */

/* Begin PBXSourcesBuildPhase section */
		555D1581219E7F0000A6A2CD /* Sources */ = {
			isa = PBXSourcesBuildPhase;
			buildActionMask = 2147483647;
			files = (
				555D158B219E7F0000A6A2CD /* ViewController.swift in Sources */,
				555D1589219E7F0000A6A2CD /* AppDelegate.swift in Sources */,
			);
			runOnlyForDeploymentPostprocessing = 0;
		};
/* End PBXSourcesBuildPhase section */

/* Begin PBXVariantGroup section */
		555D158C219E7F0000A6A2CD /* Main.storyboard */ = {
			isa = PBXVariantGroup;
			children = (
				555D158D219E7F0000A6A2CD /* Base */,
			);
			name = Main.storyboard;
			sourceTree = "<group>";
		};
		555D1591219E7F0100A6A2CD /* LaunchScreen.storyboard */ = {
			isa = PBXVariantGroup;
			children = (
				555D1592219E7F0100A6A2CD /* Base */,
			);
			name = LaunchScreen.storyboard;
			sourceTree = "<group>";
		};
/* End PBXVariantGroup section */

/* Begin XCBuildConfiguration section */
		555D1595219E7F0100A6A2CD /* Debug */ = {
			isa = XCBuildConfiguration;
			buildSettings = {
				ALWAYS_SEARCH_USER_PATHS = NO;
				CLANG_ANALYZER_NONNULL = YES;
				CLANG_ANALYZER_NUMBER_OBJECT_CONVERSION = YES_AGGRESSIVE;
				CLANG_CXX_LANGUAGE_STANDARD = "gnu++14";
				CLANG_CXX_LIBRARY = "libc++";
				CLANG_ENABLE_MODULES = YES;
				CLANG_ENABLE_OBJC_ARC = YES;
				CLANG_ENABLE_OBJC_WEAK = YES;
				CLANG_WARN_BLOCK_CAPTURE_AUTORELEASING = YES;
				CLANG_WARN_BOOL_CONVERSION = YES;
				CLANG_WARN_COMMA = YES;
				CLANG_WARN_CONSTANT_CONVERSION = YES;
				CLANG_WARN_DEPRECATED_OBJC_IMPLEMENTATIONS = YES;
				CLANG_WARN_DIRECT_OBJC_ISA_USAGE = YES_ERROR;
				CLANG_WARN_DOCUMENTATION_COMMENTS = YES;
				CLANG_WARN_EMPTY_BODY = YES;
				CLANG_WARN_ENUM_CONVERSION = YES;
				CLANG_WARN_INFINITE_RECURSION = YES;
				CLANG_WARN_INT_CONVERSION = YES;
				CLANG_WARN_NON_LITERAL_NULL_CONVERSION = YES;
				CLANG_WARN_OBJC_IMPLICIT_RETAIN_SELF = YES;
				CLANG_WARN_OBJC_LITERAL_CONVERSION = YES;
				CLANG_WARN_OBJC_ROOT_CLASS = YES_ERROR;
				CLANG_WARN_RANGE_LOOP_ANALYSIS = YES;
				CLANG_WARN_STRICT_PROTOTYPES = YES;
				CLANG_WARN_SUSPICIOUS_MOVE = YES;
				CLANG_WARN_UNGUARDED_AVAILABILITY = YES_AGGRESSIVE;
				CLANG_WARN_UNREACHABLE_CODE = YES;
				CLANG_WARN__DUPLICATE_METHOD_MATCH = YES;
				CODE_SIGN_IDENTITY = "iPhone Developer";
				COPY_PHASE_STRIP = NO;
				DEBUG_INFORMATION_FORMAT = dwarf;
				ENABLE_STRICT_OBJC_MSGSEND = YES;
				ENABLE_TESTABILITY = YES;
				GCC_C_LANGUAGE_STANDARD = gnu11;
				GCC_DYNAMIC_NO_PIC = NO;
				GCC_NO_COMMON_BLOCKS = YES;
				GCC_OPTIMIZATION_LEVEL = 0;
				GCC_PREPROCESSOR_DEFINITIONS = (
					"DEBUG=1",
					"$(inherited)",
				);
				GCC_WARN_64_TO_32_BIT_CONVERSION = YES;
				GCC_WARN_ABOUT_RETURN_TYPE = YES_ERROR;
				GCC_WARN_UNDECLARED_SELECTOR = YES;
				GCC_WARN_UNINITIALIZED_AUTOS = YES_AGGRESSIVE;
				GCC_WARN_UNUSED_FUNCTION = YES;
				GCC_WARN_UNUSED_VARIABLE = YES;
				IPHONEOS_DEPLOYMENT_TARGET = 11.4;
				MTL_ENABLE_DEBUG_INFO = YES;
				ONLY_ACTIVE_ARCH = YES;
				SDKROOT = iphoneos;
				SWIFT_ACTIVE_COMPILATION_CONDITIONS = DEBUG;
				SWIFT_OPTIMIZATION_LEVEL = "-Onone";
			};
			name = Debug;
		};
		555D1596219E7F0100A6A2CD /* Release */ = {
			isa = XCBuildConfiguration;
			buildSettings = {
				ALWAYS_SEARCH_USER_PATHS = NO;
				CLANG_ANALYZER_NONNULL = YES;
				CLANG_ANALYZER_NUMBER_OBJECT_CONVERSION = YES_AGGRESSIVE;
				CLANG_CXX_LANGUAGE_STANDARD = "gnu++14";
				CLANG_CXX_LIBRARY = "libc++";
				CLANG_ENABLE_MODULES = YES;
				CLANG_ENABLE_OBJC_ARC = YES;
				CLANG_ENABLE_OBJC_WEAK = YES;
				CLANG_WARN_BLOCK_CAPTURE_AUTORELEASING = YES;
				CLANG_WARN_BOOL_CONVERSION = YES;
				CLANG_WARN_COMMA = YES;
				CLANG_WARN_CONSTANT_CONVERSION = YES;
				CLANG_WARN_DEPRECATED_OBJC_IMPLEMENTATIONS = YES;
				CLANG_WARN_DIRECT_OBJC_ISA_USAGE = YES_ERROR;
				CLANG_WARN_DOCUMENTATION_COMMENTS = YES;
				CLANG_WARN_EMPTY_BODY = YES;
				CLANG_WARN_ENUM_CONVERSION = YES;
				CLANG_WARN_INFINITE_RECURSION = YES;
				CLANG_WARN_INT_CONVERSION = YES;
				CLANG_WARN_NON_LITERAL_NULL_CONVERSION = YES;
				CLANG_WARN_OBJC_IMPLICIT_RETAIN_SELF = YES;
				CLANG_WARN_OBJC_LITERAL_CONVERSION = YES;
				CLANG_WARN_OBJC_ROOT_CLASS = YES_ERROR;
				CLANG_WARN_RANGE_LOOP_ANALYSIS = YES;
				CLANG_WARN_STRICT_PROTOTYPES = YES;
				CLANG_WARN_SUSPICIOUS_MOVE = YES;
				CLANG_WARN_UNGUARDED_AVAILABILITY = YES_AGGRESSIVE;
				CLANG_WARN_UNREACHABLE_CODE = YES;
				CLANG_WARN__DUPLICATE_METHOD_MATCH = YES;
				CODE_SIGN_IDENTITY = "iPhone Developer";
				COPY_PHASE_STRIP = NO;
				DEBUG_INFORMATION_FORMAT = "dwarf-with-dsym";
				ENABLE_NS_ASSERTIONS = NO;
				ENABLE_STRICT_OBJC_MSGSEND = YES;
				GCC_C_LANGUAGE_STANDARD = gnu11;
				GCC_NO_COMMON_BLOCKS = YES;
				GCC_WARN_64_TO_32_BIT_CONVERSION = YES;
				GCC_WARN_ABOUT_RETURN_TYPE = YES_ERROR;
				GCC_WARN_UNDECLARED_SELECTOR = YES;
				GCC_WARN_UNINITIALIZED_AUTOS = YES_AGGRESSIVE;
				GCC_WARN_UNUSED_FUNCTION = YES;
				GCC_WARN_UNUSED_VARIABLE = YES;
				IPHONEOS_DEPLOYMENT_TARGET = 11.4;
				MTL_ENABLE_DEBUG_INFO = NO;
				SDKROOT = iphoneos;
				SWIFT_COMPILATION_MODE = wholemodule;
				SWIFT_OPTIMIZATION_LEVEL = "-O";
				VALIDATE_PRODUCT = YES;
			};
			name = Release;
		};
		555D1598219E7F0100A6A2CD /* Debug */ = {
			isa = XCBuildConfiguration;
			buildSettings = {
				ASSETCATALOG_COMPILER_APPICON_NAME = AppIcon;
				CODE_SIGN_STYLE = Automatic;
				INFOPLIST_FILE = "Say Weather/Info.plist";
				LD_RUNPATH_SEARCH_PATHS = (
					"$(inherited)",
					"@executable_path/Frameworks",
				);
				PRODUCT_BUNDLE_IDENTIFIER = "infosys.com.Say-Weather";
				PRODUCT_NAME = "$(TARGET_NAME)";
				SWIFT_VERSION = 4.0;
				TARGETED_DEVICE_FAMILY = "1,2";
			};
			name = Debug;
		};
		555D1599219E7F0100A6A2CD /* Release */ = {
			isa = XCBuildConfiguration;
			buildSettings = {
				ASSETCATALOG_COMPILER_APPICON_NAME = AppIcon;
				CODE_SIGN_STYLE = Automatic;
				INFOPLIST_FILE = "Say Weather/Info.plist";
				LD_RUNPATH_SEARCH_PATHS = (
					"$(inherited)",
					"@executable_path/Frameworks",
				);
				PRODUCT_BUNDLE_IDENTIFIER = "infosys.com.Say-Weather";
				PRODUCT_NAME = "$(TARGET_NAME)";
				SWIFT_VERSION = 4.0;
				TARGETED_DEVICE_FAMILY = "1,2";
			};
			name = Release;
		};
/* End XCBuildConfiguration section */

/* Begin XCConfigurationList section */
		555D1580219E7F0000A6A2CD /* Build configuration list for PBXProject "Say Weather" */ = {
			isa = XCConfigurationList;
			buildConfigurations = (
				555D1595219E7F0100A6A2CD /* Debug */,
				555D1596219E7F0100A6A2CD /* Release */,
			);
			defaultConfigurationIsVisible = 0;
			defaultConfigurationName = Release;
		};
		555D1597219E7F0100A6A2CD /* Build configuration list for PBXNativeTarget "Say Weather" */ = {
			isa = XCConfigurationList;
			buildConfigurations = (
				555D1598219E7F0100A6A2CD /* Debug */,
				555D1599219E7F0100A6A2CD /* Release */,
			);
			defaultConfigurationIsVisible = 0;
			defaultConfigurationName = Release;
		};
/* End XCConfigurationList section */
	};
	rootObject = 555D157D219E7F0000A6A2CD /* Project object */;
}
